PODS:
  - IQKeyboardManagerSwift (6.5.16)
  - NVActivityIndicatorView (5.2.0):
    - NVActivityIndicatorView/Base (= 5.2.0)
  - NVActivityIndicatorView/Base (5.2.0)

DEPENDENCIES:
  - IQKeyboardManagerSwift
  - NVActivityIndicatorView

SPEC REPOS:
  trunk:
    - IQKeyboardManagerSwift
    - NVActivityIndicatorView

SPEC CHECKSUMS:
  IQKeyboardManagerSwift: 12d89768845bb77b55cc092ecc2b1f9370f06b76
  NVActivityIndicatorView: fe52a6a68664c2df8991d7d9e3d86d8d19453c53

PODFILE CHECKSUM: 0dae525f1e8040bfa5b24d7f0edeac9721bd274a

COCOAPODS: 1.15.2
